
Microsoft Visual Studio Solution File, Format Version 12.00
# Visual Studio Version 17
VisualStudioVersion = 17.11.35303.130
MinimumVisualStudioVersion = 10.0.40219.1
Project("{FAE04EC0-301F-11D3-BF4B-00C04F79EFBC}") = "StringLibrarylab4", "StringLibrarylab4\StringLibrarylab4.csproj", "{110DDF55-1AEC-4FA4-AD48-5BEDE2CBDC75}"
EndProject
Project("{FAE04EC0-301F-11D3-BF4B-00C04F79EFBC}") = "ShowCaselab4", "ShowCaselab4\ShowCaselab4.csproj", "{351FB44C-58E6-4C59-A218-28C27CB45522}"
EndProject
Global
	GlobalSection(SolutionConfigurationPlatforms) = preSolution
		Debug|Any CPU = Debug|Any CPU
		Release|Any CPU = Release|Any CPU
	EndGlobalSection
	GlobalSection(ProjectConfigurationPlatforms) = postSolution
		{110DDF55-1AEC-4FA4-AD48-5BEDE2CBDC75}.Debug|Any CPU.ActiveCfg = Debug|Any CPU
		{110DDF55-1AEC-4FA4-AD48-5BEDE2CBDC75}.Debug|Any CPU.Build.0 = Debug|Any CPU
		{110DDF55-1AEC-4FA4-AD48-5BEDE2CBDC75}.Release|Any CPU.ActiveCfg = Release|Any CPU
		{110DDF55-1AEC-4FA4-AD48-5BEDE2CBDC75}.Release|Any CPU.Build.0 = Release|Any CPU
		{351FB44C-58E6-4C59-A218-28C27CB45522}.Debug|Any CPU.ActiveCfg = Debug|Any CPU
		{351FB44C-58E6-4C59-A218-28C27CB45522}.Debug|Any CPU.Build.0 = Debug|Any CPU
		{351FB44C-58E6-4C59-A218-28C27CB45522}.Release|Any CPU.ActiveCfg = Release|Any CPU
		{351FB44C-58E6-4C59-A218-28C27CB45522}.Release|Any CPU.Build.0 = Release|Any CPU
	EndGlobalSection
	GlobalSection(SolutionProperties) = preSolution
		HideSolutionNode = FALSE
	EndGlobalSection
	GlobalSection(ExtensibilityGlobals) = postSolution
		SolutionGuid = {E2CE35FF-42AA-4D48-B781-8592EB2C491A}
	EndGlobalSection
EndGlobal
